# This file was autogenerated by Stack.
# You should not edit this file by hand.
# For more information, please see the documentation at:
#   https://docs.haskellstack.org/en/stable/lock_files

packages:
- completed:
    hackage: morpheus-graphql-0.17.0@sha256:487ad2e2b11d1038a65068f139f291a4e7b00986c347132b56e141608f0c8789,29450
    pantry-tree:
      size: 42453
      sha256: 47edd42f1f905dc5982e7f66c291e661e5b067d26167ec30cd1284cf9948538f
  original:
    hackage: morpheus-graphql-0.17.0
- completed:
    hackage: morpheus-graphql-app-0.17.0@sha256:7561a7b371673417c8d7e4200ce2e79f01b5a8557547efdf341136459132d9cc,5425
    pantry-tree:
      size: 5317
      sha256: d3d8fc0014a6b22eb1fedc29c4472e9d0c921383d7e4971318a2e587c5bafec9
  original:
    hackage: morpheus-graphql-app-0.17.0
- completed:
    hackage: morpheus-graphql-core-0.17.0@sha256:4192366e2c23594a435364cc42832f2949620b8b116a69b57e59fde7111b1a0d,12939
    pantry-tree:
      size: 17920
      sha256: af0f6d14d48104baa11b997d26486ea98393a10456ea1c56447587969fffc252
  original:
    hackage: morpheus-graphql-core-0.17.0
snapshots:
- completed:
    size: 531674
    url: https://raw.githubusercontent.com/commercialhaskell/stackage-snapshots/master/lts/16/2.yaml
    sha256: 4b08fb9338ca297de7ade8318f4be1216f14dff8c0426c001fb7886ee88cb84a
  original: lts-16.2
